
Microsoft Visual Studio Solution File, Format Version 12.00
# Visual Studio Version 17
VisualStudioVersion = 17.7.34009.444
MinimumVisualStudioVersion = 10.0.40219.1
Project("{FAE04EC0-301F-11D3-BF4B-00C04F79EFBC}") = "EventManagement", "EventManagement\EventManagement.csproj", "{BD1D57E2-9529-4A93-845A-3B4C0F556947}"
EndProject
Global
	GlobalSection(SolutionConfigurationPlatforms) = preSolution
		Debug|Any CPU = Debug|Any CPU
		Release|Any CPU = Release|Any CPU
	EndGlobalSection
	GlobalSection(ProjectConfigurationPlatforms) = postSolution
		{BD1D57E2-9529-4A93-845A-3B4C0F556947}.Debug|Any CPU.ActiveCfg = Debug|Any CPU
		{BD1D57E2-9529-4A93-845A-3B4C0F556947}.Debug|Any CPU.Build.0 = Debug|Any CPU
		{BD1D57E2-9529-4A93-845A-3B4C0F556947}.Release|Any CPU.ActiveCfg = Release|Any CPU
		{BD1D57E2-9529-4A93-845A-3B4C0F556947}.Release|Any CPU.Build.0 = Release|Any CPU
	EndGlobalSection
	GlobalSection(SolutionProperties) = preSolution
		HideSolutionNode = FALSE
	EndGlobalSection
	GlobalSection(ExtensibilityGlobals) = postSolution
		SolutionGuid = {0D4051C2-4BF6-4CDE-8643-CF558263C883}
	EndGlobalSection
EndGlobal
